// !$*UTF8*$!
{
	archiveVersion = 1;
	classes = {
	};
	objectVersion = 56;
	objects = {

/* Begin PBXBuildFile section */
		D72211132AE7C42100375AA1 /* MordaViewModel.swift in Sources */ = {isa = PBXBuildFile; fileRef = D72211122AE7C42100375AA1 /* MordaViewModel.swift */; };
		D72211162AE7CC3800375AA1 /* MordaState.swift in Sources */ = {isa = PBXBuildFile; fileRef = D72211152AE7CC3800375AA1 /* MordaState.swift */; };
		D72211182AE7D49000375AA1 /* GameStatus.swift in Sources */ = {isa = PBXBuildFile; fileRef = D72211172AE7D49000375AA1 /* GameStatus.swift */; };
		D7E32C7A2AE1B10D00F0960E /* BlackJackDesktopApp.swift in Sources */ = {isa = PBXBuildFile; fileRef = D7E32C792AE1B10D00F0960E /* BlackJackDesktopApp.swift */; };
		D7E32C7E2AE1B11000F0960E /* Assets.xcassets in Resources */ = {isa = PBXBuildFile; fileRef = D7E32C7D2AE1B11000F0960E /* Assets.xcassets */; };
		D7E32C812AE1B11000F0960E /* Preview Assets.xcassets in Resources */ = {isa = PBXBuildFile; fileRef = D7E32C802AE1B11000F0960E /* Preview Assets.xcassets */; };
		D7E32C8C2AE1D60400F0960E /* Images.swift in Sources */ = {isa = PBXBuildFile; fileRef = D7E32C8B2AE1D60400F0960E /* Images.swift */; };
		D7E32C8E2AE1D60800F0960E /* Colors.swift in Sources */ = {isa = PBXBuildFile; fileRef = D7E32C8D2AE1D60800F0960E /* Colors.swift */; };
		D7E32C912AE1D7CC00F0960E /* Suit.swift in Sources */ = {isa = PBXBuildFile; fileRef = D7E32C902AE1D7CB00F0960E /* Suit.swift */; };
		D7E32C932AE1D7F400F0960E /* Rank.swift in Sources */ = {isa = PBXBuildFile; fileRef = D7E32C922AE1D7F400F0960E /* Rank.swift */; };
		D7E32C972AE1D91700F0960E /* CardView.swift in Sources */ = {isa = PBXBuildFile; fileRef = D7E32C962AE1D91700F0960E /* CardView.swift */; };
		D7E32C992AE1D91E00F0960E /* Card.swift in Sources */ = {isa = PBXBuildFile; fileRef = D7E32C982AE1D91E00F0960E /* Card.swift */; };
		D7E32C9B2AE1DA2C00F0960E /* HandView.swift in Sources */ = {isa = PBXBuildFile; fileRef = D7E32C9A2AE1DA2C00F0960E /* HandView.swift */; };
		D7E32C9E2AE1DAD800F0960E /* AppButton.swift in Sources */ = {isa = PBXBuildFile; fileRef = D7E32C9D2AE1DAD800F0960E /* AppButton.swift */; };
		D7E32CA02AE1DCE500F0960E /* GameScoreView.swift in Sources */ = {isa = PBXBuildFile; fileRef = D7E32C9F2AE1DCE500F0960E /* GameScoreView.swift */; };
		D7E32CA22AE1DECD00F0960E /* BankView.swift in Sources */ = {isa = PBXBuildFile; fileRef = D7E32CA12AE1DECD00F0960E /* BankView.swift */; };
		D7E32CA42AE1E00200F0960E /* Fonts.swift in Sources */ = {isa = PBXBuildFile; fileRef = D7E32CA32AE1E00200F0960E /* Fonts.swift */; };
		D7E32CA72AE1E28E00F0960E /* MordaView.swift in Sources */ = {isa = PBXBuildFile; fileRef = D7E32CA62AE1E28E00F0960E /* MordaView.swift */; };
		D7E32CA92AE1E2FA00F0960E /* BackgroundView.swift in Sources */ = {isa = PBXBuildFile; fileRef = D7E32CA82AE1E2FA00F0960E /* BackgroundView.swift */; };
		D7E32CAD2AE1EACA00F0960E /* AddCardButton.swift in Sources */ = {isa = PBXBuildFile; fileRef = D7E32CAC2AE1EACA00F0960E /* AddCardButton.swift */; };
		D7E32CAF2AE1ED4C00F0960E /* PlusCard.swift in Sources */ = {isa = PBXBuildFile; fileRef = D7E32CAE2AE1ED4C00F0960E /* PlusCard.swift */; };
		D7E32CB12AE1F54E00F0960E /* ChevronButton.swift in Sources */ = {isa = PBXBuildFile; fileRef = D7E32CB02AE1F54E00F0960E /* ChevronButton.swift */; };
		D7E32CB32AE1F6FC00F0960E /* CurrentBetView.swift in Sources */ = {isa = PBXBuildFile; fileRef = D7E32CB22AE1F6FC00F0960E /* CurrentBetView.swift */; };
		D7E32CB52AE2817D00F0960E /* BettingView.swift in Sources */ = {isa = PBXBuildFile; fileRef = D7E32CB42AE2817D00F0960E /* BettingView.swift */; };
		D7E32CB72AE283EB00F0960E /* DeckGenerator.swift in Sources */ = {isa = PBXBuildFile; fileRef = D7E32CB62AE283EB00F0960E /* DeckGenerator.swift */; };
		D7E32CB92AE283F400F0960E /* GameRules.swift in Sources */ = {isa = PBXBuildFile; fileRef = D7E32CB82AE283F400F0960E /* GameRules.swift */; };
		D7E32CBB2AE2867D00F0960E /* HandCounter.swift in Sources */ = {isa = PBXBuildFile; fileRef = D7E32CBA2AE2867D00F0960E /* HandCounter.swift */; };
/* End PBXBuildFile section */

/* Begin PBXFileReference section */
		D72211122AE7C42100375AA1 /* MordaViewModel.swift */ = {isa = PBXFileReference; lastKnownFileType = sourcecode.swift; path = MordaViewModel.swift; sourceTree = "<group>"; };
		D72211152AE7CC3800375AA1 /* MordaState.swift */ = {isa = PBXFileReference; lastKnownFileType = sourcecode.swift; path = MordaState.swift; sourceTree = "<group>"; };
		D72211172AE7D49000375AA1 /* GameStatus.swift */ = {isa = PBXFileReference; lastKnownFileType = sourcecode.swift; path = GameStatus.swift; sourceTree = "<group>"; };
		D7E32C762AE1B10D00F0960E /* BlackJackDesktop.app */ = {isa = PBXFileReference; explicitFileType = wrapper.application; includeInIndex = 0; path = BlackJackDesktop.app; sourceTree = BUILT_PRODUCTS_DIR; };
		D7E32C792AE1B10D00F0960E /* BlackJackDesktopApp.swift */ = {isa = PBXFileReference; lastKnownFileType = sourcecode.swift; path = BlackJackDesktopApp.swift; sourceTree = "<group>"; };
		D7E32C7D2AE1B11000F0960E /* Assets.xcassets */ = {isa = PBXFileReference; lastKnownFileType = folder.assetcatalog; path = Assets.xcassets; sourceTree = "<group>"; };
		D7E32C802AE1B11000F0960E /* Preview Assets.xcassets */ = {isa = PBXFileReference; lastKnownFileType = folder.assetcatalog; path = "Preview Assets.xcassets"; sourceTree = "<group>"; };
		D7E32C822AE1B11000F0960E /* BlackJackDesktop.entitlements */ = {isa = PBXFileReference; lastKnownFileType = text.plist.entitlements; path = BlackJackDesktop.entitlements; sourceTree = "<group>"; };
		D7E32C8B2AE1D60400F0960E /* Images.swift */ = {isa = PBXFileReference; lastKnownFileType = sourcecode.swift; path = Images.swift; sourceTree = "<group>"; };
		D7E32C8D2AE1D60800F0960E /* Colors.swift */ = {isa = PBXFileReference; lastKnownFileType = sourcecode.swift; path = Colors.swift; sourceTree = "<group>"; };
		D7E32C902AE1D7CB00F0960E /* Suit.swift */ = {isa = PBXFileReference; lastKnownFileType = sourcecode.swift; path = Suit.swift; sourceTree = "<group>"; };
		D7E32C922AE1D7F400F0960E /* Rank.swift */ = {isa = PBXFileReference; lastKnownFileType = sourcecode.swift; path = Rank.swift; sourceTree = "<group>"; };
		D7E32C962AE1D91700F0960E /* CardView.swift */ = {isa = PBXFileReference; lastKnownFileType = sourcecode.swift; path = CardView.swift; sourceTree = "<group>"; };
		D7E32C982AE1D91E00F0960E /* Card.swift */ = {isa = PBXFileReference; lastKnownFileType = sourcecode.swift; path = Card.swift; sourceTree = "<group>"; };
		D7E32C9A2AE1DA2C00F0960E /* HandView.swift */ = {isa = PBXFileReference; lastKnownFileType = sourcecode.swift; path = HandView.swift; sourceTree = "<group>"; };
		D7E32C9D2AE1DAD800F0960E /* AppButton.swift */ = {isa = PBXFileReference; lastKnownFileType = sourcecode.swift; path = AppButton.swift; sourceTree = "<group>"; };
		D7E32C9F2AE1DCE500F0960E /* GameScoreView.swift */ = {isa = PBXFileReference; lastKnownFileType = sourcecode.swift; path = GameScoreView.swift; sourceTree = "<group>"; };
		D7E32CA12AE1DECD00F0960E /* BankView.swift */ = {isa = PBXFileReference; lastKnownFileType = sourcecode.swift; path = BankView.swift; sourceTree = "<group>"; };
		D7E32CA32AE1E00200F0960E /* Fonts.swift */ = {isa = PBXFileReference; lastKnownFileType = sourcecode.swift; path = Fonts.swift; sourceTree = "<group>"; };
		D7E32CA62AE1E28E00F0960E /* MordaView.swift */ = {isa = PBXFileReference; lastKnownFileType = sourcecode.swift; path = MordaView.swift; sourceTree = "<group>"; };
		D7E32CA82AE1E2FA00F0960E /* BackgroundView.swift */ = {isa = PBXFileReference; lastKnownFileType = sourcecode.swift; path = BackgroundView.swift; sourceTree = "<group>"; };
		D7E32CAC2AE1EACA00F0960E /* AddCardButton.swift */ = {isa = PBXFileReference; lastKnownFileType = sourcecode.swift; path = AddCardButton.swift; sourceTree = "<group>"; };
		D7E32CAE2AE1ED4C00F0960E /* PlusCard.swift */ = {isa = PBXFileReference; lastKnownFileType = sourcecode.swift; path = PlusCard.swift; sourceTree = "<group>"; };
		D7E32CB02AE1F54E00F0960E /* ChevronButton.swift */ = {isa = PBXFileReference; lastKnownFileType = sourcecode.swift; path = ChevronButton.swift; sourceTree = "<group>"; };
		D7E32CB22AE1F6FC00F0960E /* CurrentBetView.swift */ = {isa = PBXFileReference; lastKnownFileType = sourcecode.swift; path = CurrentBetView.swift; sourceTree = "<group>"; };
		D7E32CB42AE2817D00F0960E /* BettingView.swift */ = {isa = PBXFileReference; lastKnownFileType = sourcecode.swift; path = BettingView.swift; sourceTree = "<group>"; };
		D7E32CB62AE283EB00F0960E /* DeckGenerator.swift */ = {isa = PBXFileReference; lastKnownFileType = sourcecode.swift; path = DeckGenerator.swift; sourceTree = "<group>"; };
		D7E32CB82AE283F400F0960E /* GameRules.swift */ = {isa = PBXFileReference; lastKnownFileType = sourcecode.swift; path = GameRules.swift; sourceTree = "<group>"; };
		D7E32CBA2AE2867D00F0960E /* HandCounter.swift */ = {isa = PBXFileReference; lastKnownFileType = sourcecode.swift; path = HandCounter.swift; sourceTree = "<group>"; };
/* End PBXFileReference section */

/* Begin PBXFrameworksBuildPhase section */
		D7E32C732AE1B10D00F0960E /* Frameworks */ = {
			isa = PBXFrameworksBuildPhase;
			buildActionMask = 2147483647;
			files = (
			);
			runOnlyForDeploymentPostprocessing = 0;
		};
/* End PBXFrameworksBuildPhase section */

/* Begin PBXGroup section */
		D72211112AE7C41600375AA1 /* ViewModels */ = {
			isa = PBXGroup;
			children = (
				D7E32CA52AE1E28600F0960E /* Views */,
				D72211122AE7C42100375AA1 /* MordaViewModel.swift */,
			);
			path = ViewModels;
			sourceTree = "<group>";
		};
		D72211142AE7CC2600375AA1 /* Models */ = {
			isa = PBXGroup;
			children = (
				D72211152AE7CC3800375AA1 /* MordaState.swift */,
			);
			path = Models;
			sourceTree = "<group>";
		};
		D7E32C6D2AE1B10D00F0960E = {
			isa = PBXGroup;
			children = (
				D7E32C782AE1B10D00F0960E /* BlackJackDesktop */,
				D7E32C772AE1B10D00F0960E /* Products */,
			);
			sourceTree = "<group>";
		};
		D7E32C772AE1B10D00F0960E /* Products */ = {
			isa = PBXGroup;
			children = (
				D7E32C762AE1B10D00F0960E /* BlackJackDesktop.app */,
			);
			name = Products;
			sourceTree = "<group>";
		};
		D7E32C782AE1B10D00F0960E /* BlackJackDesktop */ = {
			isa = PBXGroup;
			children = (
				D7E32C792AE1B10D00F0960E /* BlackJackDesktopApp.swift */,
				D7E32C882AE1B17300F0960E /* Base */,
				D7E32C892AE1B17900F0960E /* Features */,
				D7E32C8A2AE1D5F700F0960E /* Resources */,
				D7E32C822AE1B11000F0960E /* BlackJackDesktop.entitlements */,
				D7E32C7F2AE1B11000F0960E /* Preview Content */,
			);
			path = BlackJackDesktop;
			sourceTree = "<group>";
		};
		D7E32C7F2AE1B11000F0960E /* Preview Content */ = {
			isa = PBXGroup;
			children = (
				D7E32C802AE1B11000F0960E /* Preview Assets.xcassets */,
			);
			path = "Preview Content";
			sourceTree = "<group>";
		};
		D7E32C882AE1B17300F0960E /* Base */ = {
			isa = PBXGroup;
			children = (
				D7E32C8F2AE1D7C400F0960E /* Models */,
				D7E32C952AE1D90B00F0960E /* Views */,
			);
			path = Base;
			sourceTree = "<group>";
		};
		D7E32C892AE1B17900F0960E /* Features */ = {
			isa = PBXGroup;
			children = (
				D7E32C942AE1D8FC00F0960E /* GameStart */,
			);
			path = Features;
			sourceTree = "<group>";
		};
		D7E32C8A2AE1D5F700F0960E /* Resources */ = {
			isa = PBXGroup;
			children = (
				D7E32C7D2AE1B11000F0960E /* Assets.xcassets */,
				D7E32C8B2AE1D60400F0960E /* Images.swift */,
				D7E32C8D2AE1D60800F0960E /* Colors.swift */,
				D7E32CA32AE1E00200F0960E /* Fonts.swift */,
			);
			path = Resources;
			sourceTree = "<group>";
		};
		D7E32C8F2AE1D7C400F0960E /* Models */ = {
			isa = PBXGroup;
			children = (
				D7E32C902AE1D7CB00F0960E /* Suit.swift */,
				D7E32C922AE1D7F400F0960E /* Rank.swift */,
				D7E32C982AE1D91E00F0960E /* Card.swift */,
				D7E32CAE2AE1ED4C00F0960E /* PlusCard.swift */,
				D7E32CB62AE283EB00F0960E /* DeckGenerator.swift */,
				D7E32CBA2AE2867D00F0960E /* HandCounter.swift */,
				D7E32CB82AE283F400F0960E /* GameRules.swift */,
				D72211172AE7D49000375AA1 /* GameStatus.swift */,
			);
			path = Models;
			sourceTree = "<group>";
		};
		D7E32C942AE1D8FC00F0960E /* GameStart */ = {
			isa = PBXGroup;
			children = (
				D72211142AE7CC2600375AA1 /* Models */,
				D72211112AE7C41600375AA1 /* ViewModels */,
			);
			path = GameStart;
			sourceTree = "<group>";
		};
		D7E32C952AE1D90B00F0960E /* Views */ = {
			isa = PBXGroup;
			children = (
				D7E32CAC2AE1EACA00F0960E /* AddCardButton.swift */,
				D7E32C9D2AE1DAD800F0960E /* AppButton.swift */,
				D7E32C962AE1D91700F0960E /* CardView.swift */,
				D7E32C9A2AE1DA2C00F0960E /* HandView.swift */,
				D7E32C9F2AE1DCE500F0960E /* GameScoreView.swift */,
				D7E32CA12AE1DECD00F0960E /* BankView.swift */,
				D7E32CA82AE1E2FA00F0960E /* BackgroundView.swift */,
				D7E32CB02AE1F54E00F0960E /* ChevronButton.swift */,
				D7E32CB22AE1F6FC00F0960E /* CurrentBetView.swift */,
				D7E32CB42AE2817D00F0960E /* BettingView.swift */,
			);
			path = Views;
			sourceTree = "<group>";
		};
		D7E32CA52AE1E28600F0960E /* Views */ = {
			isa = PBXGroup;
			children = (
				D7E32CA62AE1E28E00F0960E /* MordaView.swift */,
			);
			path = Views;
			sourceTree = "<group>";
		};
/* End PBXGroup section */

/* Begin PBXNativeTarget section */
		D7E32C752AE1B10D00F0960E /* BlackJackDesktop */ = {
			isa = PBXNativeTarget;
			buildConfigurationList = D7E32C852AE1B11000F0960E /* Build configuration list for PBXNativeTarget "BlackJackDesktop" */;
			buildPhases = (
				D7E32C722AE1B10D00F0960E /* Sources */,
				D7E32C732AE1B10D00F0960E /* Frameworks */,
				D7E32C742AE1B10D00F0960E /* Resources */,
			);
			buildRules = (
			);
			dependencies = (
			);
			name = BlackJackDesktop;
			productName = BlackJackDesktop;
			productReference = D7E32C762AE1B10D00F0960E /* BlackJackDesktop.app */;
			productType = "com.apple.product-type.application";
		};
/* End PBXNativeTarget section */

/* Begin PBXProject section */
		D7E32C6E2AE1B10D00F0960E /* Project object */ = {
			isa = PBXProject;
			attributes = {
				BuildIndependentTargetsInParallel = 1;
				LastSwiftUpdateCheck = 1500;
				LastUpgradeCheck = 1500;
				TargetAttributes = {
					D7E32C752AE1B10D00F0960E = {
						CreatedOnToolsVersion = 15.0;
					};
				};
			};
			buildConfigurationList = D7E32C712AE1B10D00F0960E /* Build configuration list for PBXProject "BlackJackDesktop" */;
			compatibilityVersion = "Xcode 14.0";
			developmentRegion = en;
			hasScannedForEncodings = 0;
			knownRegions = (
				en,
				Base,
			);
			mainGroup = D7E32C6D2AE1B10D00F0960E;
			productRefGroup = D7E32C772AE1B10D00F0960E /* Products */;
			projectDirPath = "";
			projectRoot = "";
			targets = (
				D7E32C752AE1B10D00F0960E /* BlackJackDesktop */,
			);
		};
/* End PBXProject section */

/* Begin PBXResourcesBuildPhase section */
		D7E32C742AE1B10D00F0960E /* Resources */ = {
			isa = PBXResourcesBuildPhase;
			buildActionMask = 2147483647;
			files = (
				D7E32C812AE1B11000F0960E /* Preview Assets.xcassets in Resources */,
				D7E32C7E2AE1B11000F0960E /* Assets.xcassets in Resources */,
			);
			runOnlyForDeploymentPostprocessing = 0;
		};
/* End PBXResourcesBuildPhase section */

/* Begin PBXSourcesBuildPhase section */
		D7E32C722AE1B10D00F0960E /* Sources */ = {
			isa = PBXSourcesBuildPhase;
			buildActionMask = 2147483647;
			files = (
				D7E32CA92AE1E2FA00F0960E /* BackgroundView.swift in Sources */,
				D7E32CA72AE1E28E00F0960E /* MordaView.swift in Sources */,
				D7E32CB92AE283F400F0960E /* GameRules.swift in Sources */,
				D72211132AE7C42100375AA1 /* MordaViewModel.swift in Sources */,
				D7E32CA22AE1DECD00F0960E /* BankView.swift in Sources */,
				D7E32C972AE1D91700F0960E /* CardView.swift in Sources */,
				D7E32CA42AE1E00200F0960E /* Fonts.swift in Sources */,
				D72211162AE7CC3800375AA1 /* MordaState.swift in Sources */,
				D7E32CB52AE2817D00F0960E /* BettingView.swift in Sources */,
				D7E32CB32AE1F6FC00F0960E /* CurrentBetView.swift in Sources */,
				D7E32CAF2AE1ED4C00F0960E /* PlusCard.swift in Sources */,
				D7E32C912AE1D7CC00F0960E /* Suit.swift in Sources */,
				D7E32C9B2AE1DA2C00F0960E /* HandView.swift in Sources */,
				D7E32CBB2AE2867D00F0960E /* HandCounter.swift in Sources */,
				D7E32CAD2AE1EACA00F0960E /* AddCardButton.swift in Sources */,
				D7E32C9E2AE1DAD800F0960E /* AppButton.swift in Sources */,
				D7E32CB12AE1F54E00F0960E /* ChevronButton.swift in Sources */,
				D7E32C8E2AE1D60800F0960E /* Colors.swift in Sources */,
				D7E32C932AE1D7F400F0960E /* Rank.swift in Sources */,
				D7E32C8C2AE1D60400F0960E /* Images.swift in Sources */,
				D7E32C7A2AE1B10D00F0960E /* BlackJackDesktopApp.swift in Sources */,
				D7E32CA02AE1DCE500F0960E /* GameScoreView.swift in Sources */,
				D72211182AE7D49000375AA1 /* GameStatus.swift in Sources */,
				D7E32C992AE1D91E00F0960E /* Card.swift in Sources */,
				D7E32CB72AE283EB00F0960E /* DeckGenerator.swift in Sources */,
			);
			runOnlyForDeploymentPostprocessing = 0;
		};
/* End PBXSourcesBuildPhase section */

/* Begin XCBuildConfiguration section */
		D7E32C832AE1B11000F0960E /* Debug */ = {
			isa = XCBuildConfiguration;
			buildSettings = {
				ALWAYS_SEARCH_USER_PATHS = NO;
				ASSETCATALOG_COMPILER_GENERATE_SWIFT_ASSET_SYMBOL_EXTENSIONS = YES;
				CLANG_ANALYZER_NONNULL = YES;
				CLANG_ANALYZER_NUMBER_OBJECT_CONVERSION = YES_AGGRESSIVE;
				CLANG_CXX_LANGUAGE_STANDARD = "gnu++20";
				CLANG_ENABLE_MODULES = YES;
				CLANG_ENABLE_OBJC_ARC = YES;
				CLANG_ENABLE_OBJC_WEAK = YES;
				CLANG_WARN_BLOCK_CAPTURE_AUTORELEASING = YES;
				CLANG_WARN_BOOL_CONVERSION = YES;
				CLANG_WARN_COMMA = YES;
				CLANG_WARN_CONSTANT_CONVERSION = YES;
				CLANG_WARN_DEPRECATED_OBJC_IMPLEMENTATIONS = YES;
				CLANG_WARN_DIRECT_OBJC_ISA_USAGE = YES_ERROR;
				CLANG_WARN_DOCUMENTATION_COMMENTS = YES;
				CLANG_WARN_EMPTY_BODY = YES;
				CLANG_WARN_ENUM_CONVERSION = YES;
				CLANG_WARN_INFINITE_RECURSION = YES;
				CLANG_WARN_INT_CONVERSION = YES;
				CLANG_WARN_NON_LITERAL_NULL_CONVERSION = YES;
				CLANG_WARN_OBJC_IMPLICIT_RETAIN_SELF = YES;
				CLANG_WARN_OBJC_LITERAL_CONVERSION = YES;
				CLANG_WARN_OBJC_ROOT_CLASS = YES_ERROR;
				CLANG_WARN_QUOTED_INCLUDE_IN_FRAMEWORK_HEADER = YES;
				CLANG_WARN_RANGE_LOOP_ANALYSIS = YES;
				CLANG_WARN_STRICT_PROTOTYPES = YES;
				CLANG_WARN_SUSPICIOUS_MOVE = YES;
				CLANG_WARN_UNGUARDED_AVAILABILITY = YES_AGGRESSIVE;
				CLANG_WARN_UNREACHABLE_CODE = YES;
				CLANG_WARN__DUPLICATE_METHOD_MATCH = YES;
				COPY_PHASE_STRIP = NO;
				DEBUG_INFORMATION_FORMAT = dwarf;
				ENABLE_STRICT_OBJC_MSGSEND = YES;
				ENABLE_TESTABILITY = YES;
				ENABLE_USER_SCRIPT_SANDBOXING = YES;
				GCC_C_LANGUAGE_STANDARD = gnu17;
				GCC_DYNAMIC_NO_PIC = NO;
				GCC_NO_COMMON_BLOCKS = YES;
				GCC_OPTIMIZATION_LEVEL = 0;
				GCC_PREPROCESSOR_DEFINITIONS = (
					"DEBUG=1",
					"$(inherited)",
				);
				GCC_WARN_64_TO_32_BIT_CONVERSION = YES;
				GCC_WARN_ABOUT_RETURN_TYPE = YES_ERROR;
				GCC_WARN_UNDECLARED_SELECTOR = YES;
				GCC_WARN_UNINITIALIZED_AUTOS = YES_AGGRESSIVE;
				GCC_WARN_UNUSED_FUNCTION = YES;
				GCC_WARN_UNUSED_VARIABLE = YES;
				LOCALIZATION_PREFERS_STRING_CATALOGS = YES;
				MACOSX_DEPLOYMENT_TARGET = 14.0;
				MTL_ENABLE_DEBUG_INFO = INCLUDE_SOURCE;
				MTL_FAST_MATH = YES;
				ONLY_ACTIVE_ARCH = YES;
				SDKROOT = macosx;
				SWIFT_ACTIVE_COMPILATION_CONDITIONS = "DEBUG $(inherited)";
				SWIFT_OPTIMIZATION_LEVEL = "-Onone";
			};
			name = Debug;
		};
		D7E32C842AE1B11000F0960E /* Release */ = {
			isa = XCBuildConfiguration;
			buildSettings = {
				ALWAYS_SEARCH_USER_PATHS = NO;
				ASSETCATALOG_COMPILER_GENERATE_SWIFT_ASSET_SYMBOL_EXTENSIONS = YES;
				CLANG_ANALYZER_NONNULL = YES;
				CLANG_ANALYZER_NUMBER_OBJECT_CONVERSION = YES_AGGRESSIVE;
				CLANG_CXX_LANGUAGE_STANDARD = "gnu++20";
				CLANG_ENABLE_MODULES = YES;
				CLANG_ENABLE_OBJC_ARC = YES;
				CLANG_ENABLE_OBJC_WEAK = YES;
				CLANG_WARN_BLOCK_CAPTURE_AUTORELEASING = YES;
				CLANG_WARN_BOOL_CONVERSION = YES;
				CLANG_WARN_COMMA = YES;
				CLANG_WARN_CONSTANT_CONVERSION = YES;
				CLANG_WARN_DEPRECATED_OBJC_IMPLEMENTATIONS = YES;
				CLANG_WARN_DIRECT_OBJC_ISA_USAGE = YES_ERROR;
				CLANG_WARN_DOCUMENTATION_COMMENTS = YES;
				CLANG_WARN_EMPTY_BODY = YES;
				CLANG_WARN_ENUM_CONVERSION = YES;
				CLANG_WARN_INFINITE_RECURSION = YES;
				CLANG_WARN_INT_CONVERSION = YES;
				CLANG_WARN_NON_LITERAL_NULL_CONVERSION = YES;
				CLANG_WARN_OBJC_IMPLICIT_RETAIN_SELF = YES;
				CLANG_WARN_OBJC_LITERAL_CONVERSION = YES;
				CLANG_WARN_OBJC_ROOT_CLASS = YES_ERROR;
				CLANG_WARN_QUOTED_INCLUDE_IN_FRAMEWORK_HEADER = YES;
				CLANG_WARN_RANGE_LOOP_ANALYSIS = YES;
				CLANG_WARN_STRICT_PROTOTYPES = YES;
				CLANG_WARN_SUSPICIOUS_MOVE = YES;
				CLANG_WARN_UNGUARDED_AVAILABILITY = YES_AGGRESSIVE;
				CLANG_WARN_UNREACHABLE_CODE = YES;
				CLANG_WARN__DUPLICATE_METHOD_MATCH = YES;
				COPY_PHASE_STRIP = NO;
				DEBUG_INFORMATION_FORMAT = "dwarf-with-dsym";
				ENABLE_NS_ASSERTIONS = NO;
				ENABLE_STRICT_OBJC_MSGSEND = YES;
				ENABLE_USER_SCRIPT_SANDBOXING = YES;
				GCC_C_LANGUAGE_STANDARD = gnu17;
				GCC_NO_COMMON_BLOCKS = YES;
				GCC_WARN_64_TO_32_BIT_CONVERSION = YES;
				GCC_WARN_ABOUT_RETURN_TYPE = YES_ERROR;
				GCC_WARN_UNDECLARED_SELECTOR = YES;
				GCC_WARN_UNINITIALIZED_AUTOS = YES_AGGRESSIVE;
				GCC_WARN_UNUSED_FUNCTION = YES;
				GCC_WARN_UNUSED_VARIABLE = YES;
				LOCALIZATION_PREFERS_STRING_CATALOGS = YES;
				MACOSX_DEPLOYMENT_TARGET = 14.0;
				MTL_ENABLE_DEBUG_INFO = NO;
				MTL_FAST_MATH = YES;
				SDKROOT = macosx;
				SWIFT_COMPILATION_MODE = wholemodule;
			};
			name = Release;
		};
		D7E32C862AE1B11000F0960E /* Debug */ = {
			isa = XCBuildConfiguration;
			buildSettings = {
				ASSETCATALOG_COMPILER_APPICON_NAME = AppIcon;
				ASSETCATALOG_COMPILER_GLOBAL_ACCENT_COLOR_NAME = AccentColor;
				CODE_SIGN_ENTITLEMENTS = BlackJackDesktop/BlackJackDesktop.entitlements;
				CODE_SIGN_STYLE = Automatic;
				COMBINE_HIDPI_IMAGES = YES;
				CURRENT_PROJECT_VERSION = 1;
				DEVELOPMENT_ASSET_PATHS = "\"BlackJackDesktop/Preview Content\"";
				DEVELOPMENT_TEAM = AUP52MS6LU;
				ENABLE_HARDENED_RUNTIME = YES;
				ENABLE_PREVIEWS = YES;
				GENERATE_INFOPLIST_FILE = YES;
				INFOPLIST_KEY_NSHumanReadableCopyright = "";
				LD_RUNPATH_SEARCH_PATHS = (
					"$(inherited)",
					"@executable_path/../Frameworks",
				);
				MARKETING_VERSION = 1.0;
				PRODUCT_BUNDLE_IDENTIFIER = snowlukin.BlackJackDesktop;
				PRODUCT_NAME = "$(TARGET_NAME)";
				SWIFT_EMIT_LOC_STRINGS = YES;
				SWIFT_VERSION = 5.0;
			};
			name = Debug;
		};
		D7E32C872AE1B11000F0960E /* Release */ = {
			isa = XCBuildConfiguration;
			buildSettings = {
				ASSETCATALOG_COMPILER_APPICON_NAME = AppIcon;
				ASSETCATALOG_COMPILER_GLOBAL_ACCENT_COLOR_NAME = AccentColor;
				CODE_SIGN_ENTITLEMENTS = BlackJackDesktop/BlackJackDesktop.entitlements;
				CODE_SIGN_STYLE = Automatic;
				COMBINE_HIDPI_IMAGES = YES;
				CURRENT_PROJECT_VERSION = 1;
				DEVELOPMENT_ASSET_PATHS = "\"BlackJackDesktop/Preview Content\"";
				DEVELOPMENT_TEAM = AUP52MS6LU;
				ENABLE_HARDENED_RUNTIME = YES;
				ENABLE_PREVIEWS = YES;
				GENERATE_INFOPLIST_FILE = YES;
				INFOPLIST_KEY_NSHumanReadableCopyright = "";
				LD_RUNPATH_SEARCH_PATHS = (
					"$(inherited)",
					"@executable_path/../Frameworks",
				);
				MARKETING_VERSION = 1.0;
				PRODUCT_BUNDLE_IDENTIFIER = snowlukin.BlackJackDesktop;
				PRODUCT_NAME = "$(TARGET_NAME)";
				SWIFT_EMIT_LOC_STRINGS = YES;
				SWIFT_VERSION = 5.0;
			};
			name = Release;
		};
/* End XCBuildConfiguration section */

/* Begin XCConfigurationList section */
		D7E32C712AE1B10D00F0960E /* Build configuration list for PBXProject "BlackJackDesktop" */ = {
			isa = XCConfigurationList;
			buildConfigurations = (
				D7E32C832AE1B11000F0960E /* Debug */,
				D7E32C842AE1B11000F0960E /* Release */,
			);
			defaultConfigurationIsVisible = 0;
			defaultConfigurationName = Release;
		};
		D7E32C852AE1B11000F0960E /* Build configuration list for PBXNativeTarget "BlackJackDesktop" */ = {
			isa = XCConfigurationList;
			buildConfigurations = (
				D7E32C862AE1B11000F0960E /* Debug */,
				D7E32C872AE1B11000F0960E /* Release */,
			);
			defaultConfigurationIsVisible = 0;
			defaultConfigurationName = Release;
		};
/* End XCConfigurationList section */
	};
	rootObject = D7E32C6E2AE1B10D00F0960E /* Project object */;
}
